// !$*UTF8*$!
{
	archiveVersion = 1;
	classes = {
	};
	objectVersion = 50;
	objects = {

/* Begin PBXBuildFile section */
		BA680A6223877B5D004751BE /* AppDelegate.swift in Sources */ = {isa = PBXBuildFile; fileRef = BA680A6123877B5D004751BE /* AppDelegate.swift */; };
		BA680A6423877B5D004751BE /* SceneDelegate.swift in Sources */ = {isa = PBXBuildFile; fileRef = BA680A6323877B5D004751BE /* SceneDelegate.swift */; };
		BA680A6923877B5D004751BE /* Main.storyboard in Resources */ = {isa = PBXBuildFile; fileRef = BA680A6723877B5D004751BE /* Main.storyboard */; };
		BA680A6B23877B5E004751BE /* Assets.xcassets in Resources */ = {isa = PBXBuildFile; fileRef = BA680A6A23877B5E004751BE /* Assets.xcassets */; };
		BA680A6E23877B5E004751BE /* LaunchScreen.storyboard in Resources */ = {isa = PBXBuildFile; fileRef = BA680A6C23877B5E004751BE /* LaunchScreen.storyboard */; };
		BA680A7623877D21004751BE /* CustomControl.swift in Sources */ = {isa = PBXBuildFile; fileRef = BA680A7523877D21004751BE /* CustomControl.swift */; };
		BA680A78238781E8004751BE /* ViewController.swift in Sources */ = {isa = PBXBuildFile; fileRef = BA680A77238781E8004751BE /* ViewController.swift */; };
/* End PBXBuildFile section */

/* Begin PBXFileReference section */
		BA680A5E23877B5D004751BE /* Star Rating.app */ = {isa = PBXFileReference; explicitFileType = wrapper.application; includeInIndex = 0; path = "Star Rating.app"; sourceTree = BUILT_PRODUCTS_DIR; };
		BA680A6123877B5D004751BE /* AppDelegate.swift */ = {isa = PBXFileReference; lastKnownFileType = sourcecode.swift; path = AppDelegate.swift; sourceTree = "<group>"; };
		BA680A6323877B5D004751BE /* SceneDelegate.swift */ = {isa = PBXFileReference; lastKnownFileType = sourcecode.swift; path = SceneDelegate.swift; sourceTree = "<group>"; };
		BA680A6823877B5D004751BE /* Base */ = {isa = PBXFileReference; lastKnownFileType = file.storyboard; name = Base; path = Base.lproj/Main.storyboard; sourceTree = "<group>"; };
		BA680A6A23877B5E004751BE /* Assets.xcassets */ = {isa = PBXFileReference; lastKnownFileType = folder.assetcatalog; path = Assets.xcassets; sourceTree = "<group>"; };
		BA680A6D23877B5E004751BE /* Base */ = {isa = PBXFileReference; lastKnownFileType = file.storyboard; name = Base; path = Base.lproj/LaunchScreen.storyboard; sourceTree = "<group>"; };
		BA680A6F23877B5E004751BE /* Info.plist */ = {isa = PBXFileReference; lastKnownFileType = text.plist.xml; path = Info.plist; sourceTree = "<group>"; };
		BA680A7523877D21004751BE /* CustomControl.swift */ = {isa = PBXFileReference; lastKnownFileType = sourcecode.swift; path = CustomControl.swift; sourceTree = "<group>"; };
		BA680A77238781E8004751BE /* ViewController.swift */ = {isa = PBXFileReference; lastKnownFileType = sourcecode.swift; path = ViewController.swift; sourceTree = "<group>"; };
/* End PBXFileReference section */

/* Begin PBXFrameworksBuildPhase section */
		BA680A5B23877B5D004751BE /* Frameworks */ = {
			isa = PBXFrameworksBuildPhase;
			buildActionMask = 2147483647;
			files = (
			);
			runOnlyForDeploymentPostprocessing = 0;
		};
/* End PBXFrameworksBuildPhase section */

/* Begin PBXGroup section */
		BA680A5523877B5D004751BE = {
			isa = PBXGroup;
			children = (
				BA680A6023877B5D004751BE /* Star Rating */,
				BA680A5F23877B5D004751BE /* Products */,
			);
			sourceTree = "<group>";
		};
		BA680A5F23877B5D004751BE /* Products */ = {
			isa = PBXGroup;
			children = (
				BA680A5E23877B5D004751BE /* Star Rating.app */,
			);
			name = Products;
			sourceTree = "<group>";
		};
		BA680A6023877B5D004751BE /* Star Rating */ = {
			isa = PBXGroup;
			children = (
				BA680A6123877B5D004751BE /* AppDelegate.swift */,
				BA680A6323877B5D004751BE /* SceneDelegate.swift */,
				BA680A6723877B5D004751BE /* Main.storyboard */,
				BA680A77238781E8004751BE /* ViewController.swift */,
				BA680A7523877D21004751BE /* CustomControl.swift */,
				BA680A6A23877B5E004751BE /* Assets.xcassets */,
				BA680A6C23877B5E004751BE /* LaunchScreen.storyboard */,
				BA680A6F23877B5E004751BE /* Info.plist */,
			);
			path = "Star Rating";
			sourceTree = "<group>";
		};
/* End PBXGroup section */

/* Begin PBXNativeTarget section */
		BA680A5D23877B5D004751BE /* Star Rating */ = {
			isa = PBXNativeTarget;
			buildConfigurationList = BA680A7223877B5E004751BE /* Build configuration list for PBXNativeTarget "Star Rating" */;
			buildPhases = (
				BA680A5A23877B5D004751BE /* Sources */,
				BA680A5B23877B5D004751BE /* Frameworks */,
				BA680A5C23877B5D004751BE /* Resources */,
			);
			buildRules = (
			);
			dependencies = (
			);
			name = "Star Rating";
			productName = "Star Rating";
			productReference = BA680A5E23877B5D004751BE /* Star Rating.app */;
			productType = "com.apple.product-type.application";
		};
/* End PBXNativeTarget section */

/* Begin PBXProject section */
		BA680A5623877B5D004751BE /* Project object */ = {
			isa = PBXProject;
			attributes = {
				LastSwiftUpdateCheck = 1120;
				LastUpgradeCheck = 1120;
				ORGANIZATIONNAME = "Knight Night";
				TargetAttributes = {
					BA680A5D23877B5D004751BE = {
						CreatedOnToolsVersion = 11.2.1;
					};
				};
			};
			buildConfigurationList = BA680A5923877B5D004751BE /* Build configuration list for PBXProject "Star Rating" */;
			compatibilityVersion = "Xcode 9.3";
			developmentRegion = en;
			hasScannedForEncodings = 0;
			knownRegions = (
				en,
				Base,
			);
			mainGroup = BA680A5523877B5D004751BE;
			productRefGroup = BA680A5F23877B5D004751BE /* Products */;
			projectDirPath = "";
			projectRoot = "";
			targets = (
				BA680A5D23877B5D004751BE /* Star Rating */,
			);
		};
/* End PBXProject section */

/* Begin PBXResourcesBuildPhase section */
		BA680A5C23877B5D004751BE /* Resources */ = {
			isa = PBXResourcesBuildPhase;
			buildActionMask = 2147483647;
			files = (
				BA680A6E23877B5E004751BE /* LaunchScreen.storyboard in Resources */,
				BA680A6B23877B5E004751BE /* Assets.xcassets in Resources */,
				BA680A6923877B5D004751BE /* Main.storyboard in Resources */,
			);
			runOnlyForDeploymentPostprocessing = 0;
		};
/* End PBXResourcesBuildPhase section */

/* Begin PBXSourcesBuildPhase section */
		BA680A5A23877B5D004751BE /* Sources */ = {
			isa = PBXSourcesBuildPhase;
			buildActionMask = 2147483647;
			files = (
				BA680A6223877B5D004751BE /* AppDelegate.swift in Sources */,
				BA680A7623877D21004751BE /* CustomControl.swift in Sources */,
				BA680A78238781E8004751BE /* ViewController.swift in Sources */,
				BA680A6423877B5D004751BE /* SceneDelegate.swift in Sources */,
			);
			runOnlyForDeploymentPostprocessing = 0;
		};
/* End PBXSourcesBuildPhase section */

/* Begin PBXVariantGroup section */
		BA680A6723877B5D004751BE /* Main.storyboard */ = {
			isa = PBXVariantGroup;
			children = (
				BA680A6823877B5D004751BE /* Base */,
			);
			name = Main.storyboard;
			sourceTree = "<group>";
		};
		BA680A6C23877B5E004751BE /* LaunchScreen.storyboard */ = {
			isa = PBXVariantGroup;
			children = (
				BA680A6D23877B5E004751BE /* Base */,
			);
			name = LaunchScreen.storyboard;
			sourceTree = "<group>";
		};
/* End PBXVariantGroup section */

/* Begin XCBuildConfiguration section */
		BA680A7023877B5E004751BE /* Debug */ = {
			isa = XCBuildConfiguration;
			buildSettings = {
				ALWAYS_SEARCH_USER_PATHS = NO;
				CLANG_ANALYZER_NONNULL = YES;
				CLANG_ANALYZER_NUMBER_OBJECT_CONVERSION = YES_AGGRESSIVE;
				CLANG_CXX_LANGUAGE_STANDARD = "gnu++14";
				CLANG_CXX_LIBRARY = "libc++";
				CLANG_ENABLE_MODULES = YES;
				CLANG_ENABLE_OBJC_ARC = YES;
				CLANG_ENABLE_OBJC_WEAK = YES;
				CLANG_WARN_BLOCK_CAPTURE_AUTORELEASING = YES;
				CLANG_WARN_BOOL_CONVERSION = YES;
				CLANG_WARN_COMMA = YES;
				CLANG_WARN_CONSTANT_CONVERSION = YES;
				CLANG_WARN_DEPRECATED_OBJC_IMPLEMENTATIONS = YES;
				CLANG_WARN_DIRECT_OBJC_ISA_USAGE = YES_ERROR;
				CLANG_WARN_DOCUMENTATION_COMMENTS = YES;
				CLANG_WARN_EMPTY_BODY = YES;
				CLANG_WARN_ENUM_CONVERSION = YES;
				CLANG_WARN_INFINITE_RECURSION = YES;
				CLANG_WARN_INT_CONVERSION = YES;
				CLANG_WARN_NON_LITERAL_NULL_CONVERSION = YES;
				CLANG_WARN_OBJC_IMPLICIT_RETAIN_SELF = YES;
				CLANG_WARN_OBJC_LITERAL_CONVERSION = YES;
				CLANG_WARN_OBJC_ROOT_CLASS = YES_ERROR;
				CLANG_WARN_RANGE_LOOP_ANALYSIS = YES;
				CLANG_WARN_STRICT_PROTOTYPES = YES;
				CLANG_WARN_SUSPICIOUS_MOVE = YES;
				CLANG_WARN_UNGUARDED_AVAILABILITY = YES_AGGRESSIVE;
				CLANG_WARN_UNREACHABLE_CODE = YES;
				CLANG_WARN__DUPLICATE_METHOD_MATCH = YES;
				COPY_PHASE_STRIP = NO;
				DEBUG_INFORMATION_FORMAT = dwarf;
				ENABLE_STRICT_OBJC_MSGSEND = YES;
				ENABLE_TESTABILITY = YES;
				GCC_C_LANGUAGE_STANDARD = gnu11;
				GCC_DYNAMIC_NO_PIC = NO;
				GCC_NO_COMMON_BLOCKS = YES;
				GCC_OPTIMIZATION_LEVEL = 0;
				GCC_PREPROCESSOR_DEFINITIONS = (
					"DEBUG=1",
					"$(inherited)",
				);
				GCC_WARN_64_TO_32_BIT_CONVERSION = YES;
				GCC_WARN_ABOUT_RETURN_TYPE = YES_ERROR;
				GCC_WARN_UNDECLARED_SELECTOR = YES;
				GCC_WARN_UNINITIALIZED_AUTOS = YES_AGGRESSIVE;
				GCC_WARN_UNUSED_FUNCTION = YES;
				GCC_WARN_UNUSED_VARIABLE = YES;
				IPHONEOS_DEPLOYMENT_TARGET = 13.2;
				MTL_ENABLE_DEBUG_INFO = INCLUDE_SOURCE;
				MTL_FAST_MATH = YES;
				ONLY_ACTIVE_ARCH = YES;
				SDKROOT = iphoneos;
				SWIFT_ACTIVE_COMPILATION_CONDITIONS = DEBUG;
				SWIFT_OPTIMIZATION_LEVEL = "-Onone";
			};
			name = Debug;
		};
		BA680A7123877B5E004751BE /* Release */ = {
			isa = XCBuildConfiguration;
			buildSettings = {
				ALWAYS_SEARCH_USER_PATHS = NO;
				CLANG_ANALYZER_NONNULL = YES;
				CLANG_ANALYZER_NUMBER_OBJECT_CONVERSION = YES_AGGRESSIVE;
				CLANG_CXX_LANGUAGE_STANDARD = "gnu++14";
				CLANG_CXX_LIBRARY = "libc++";
				CLANG_ENABLE_MODULES = YES;
				CLANG_ENABLE_OBJC_ARC = YES;
				CLANG_ENABLE_OBJC_WEAK = YES;
				CLANG_WARN_BLOCK_CAPTURE_AUTORELEASING = YES;
				CLANG_WARN_BOOL_CONVERSION = YES;
				CLANG_WARN_COMMA = YES;
				CLANG_WARN_CONSTANT_CONVERSION = YES;
				CLANG_WARN_DEPRECATED_OBJC_IMPLEMENTATIONS = YES;
				CLANG_WARN_DIRECT_OBJC_ISA_USAGE = YES_ERROR;
				CLANG_WARN_DOCUMENTATION_COMMENTS = YES;
				CLANG_WARN_EMPTY_BODY = YES;
				CLANG_WARN_ENUM_CONVERSION = YES;
				CLANG_WARN_INFINITE_RECURSION = YES;
				CLANG_WARN_INT_CONVERSION = YES;
				CLANG_WARN_NON_LITERAL_NULL_CONVERSION = YES;
				CLANG_WARN_OBJC_IMPLICIT_RETAIN_SELF = YES;
				CLANG_WARN_OBJC_LITERAL_CONVERSION = YES;
				CLANG_WARN_OBJC_ROOT_CLASS = YES_ERROR;
				CLANG_WARN_RANGE_LOOP_ANALYSIS = YES;
				CLANG_WARN_STRICT_PROTOTYPES = YES;
				CLANG_WARN_SUSPICIOUS_MOVE = YES;
				CLANG_WARN_UNGUARDED_AVAILABILITY = YES_AGGRESSIVE;
				CLANG_WARN_UNREACHABLE_CODE = YES;
				CLANG_WARN__DUPLICATE_METHOD_MATCH = YES;
				COPY_PHASE_STRIP = NO;
				DEBUG_INFORMATION_FORMAT = "dwarf-with-dsym";
				ENABLE_NS_ASSERTIONS = NO;
				ENABLE_STRICT_OBJC_MSGSEND = YES;
				GCC_C_LANGUAGE_STANDARD = gnu11;
				GCC_NO_COMMON_BLOCKS = YES;
				GCC_WARN_64_TO_32_BIT_CONVERSION = YES;
				GCC_WARN_ABOUT_RETURN_TYPE = YES_ERROR;
				GCC_WARN_UNDECLARED_SELECTOR = YES;
				GCC_WARN_UNINITIALIZED_AUTOS = YES_AGGRESSIVE;
				GCC_WARN_UNUSED_FUNCTION = YES;
				GCC_WARN_UNUSED_VARIABLE = YES;
				IPHONEOS_DEPLOYMENT_TARGET = 13.2;
				MTL_ENABLE_DEBUG_INFO = NO;
				MTL_FAST_MATH = YES;
				SDKROOT = iphoneos;
				SWIFT_COMPILATION_MODE = wholemodule;
				SWIFT_OPTIMIZATION_LEVEL = "-O";
				VALIDATE_PRODUCT = YES;
			};
			name = Release;
		};
		BA680A7323877B5E004751BE /* Debug */ = {
			isa = XCBuildConfiguration;
			buildSettings = {
				ASSETCATALOG_COMPILER_APPICON_NAME = AppIcon;
				CODE_SIGN_STYLE = Automatic;
				DEVELOPMENT_TEAM = 3T6D6ZWY97;
				INFOPLIST_FILE = "Star Rating/Info.plist";
				LD_RUNPATH_SEARCH_PATHS = (
					"$(inherited)",
					"@executable_path/Frameworks",
				);
				PRODUCT_BUNDLE_IDENTIFIER = "com.CrystalKnight.Star-Rating";
				PRODUCT_NAME = "$(TARGET_NAME)";
				SWIFT_VERSION = 5.0;
				TARGETED_DEVICE_FAMILY = "1,2";
			};
			name = Debug;
		};
		BA680A7423877B5E004751BE /* Release */ = {
			isa = XCBuildConfiguration;
			buildSettings = {
				ASSETCATALOG_COMPILER_APPICON_NAME = AppIcon;
				CODE_SIGN_STYLE = Automatic;
				DEVELOPMENT_TEAM = 3T6D6ZWY97;
				INFOPLIST_FILE = "Star Rating/Info.plist";
				LD_RUNPATH_SEARCH_PATHS = (
					"$(inherited)",
					"@executable_path/Frameworks",
				);
				PRODUCT_BUNDLE_IDENTIFIER = "com.CrystalKnight.Star-Rating";
				PRODUCT_NAME = "$(TARGET_NAME)";
				SWIFT_VERSION = 5.0;
				TARGETED_DEVICE_FAMILY = "1,2";
			};
			name = Release;
		};
/* End XCBuildConfiguration section */

/* Begin XCConfigurationList section */
		BA680A5923877B5D004751BE /* Build configuration list for PBXProject "Star Rating" */ = {
			isa = XCConfigurationList;
			buildConfigurations = (
				BA680A7023877B5E004751BE /* Debug */,
				BA680A7123877B5E004751BE /* Release */,
			);
			defaultConfigurationIsVisible = 0;
			defaultConfigurationName = Release;
		};
		BA680A7223877B5E004751BE /* Build configuration list for PBXNativeTarget "Star Rating" */ = {
			isa = XCConfigurationList;
			buildConfigurations = (
				BA680A7323877B5E004751BE /* Debug */,
				BA680A7423877B5E004751BE /* Release */,
			);
			defaultConfigurationIsVisible = 0;
			defaultConfigurationName = Release;
		};
/* End XCConfigurationList section */
	};
	rootObject = BA680A5623877B5D004751BE /* Project object */;
}
